schema: '2.0'
stages:
  acquire_data:
    cmd: python scripts/acquire_data.py
    deps:
    - path: scripts/acquire_data.py
      hash: md5
      md5: 62f7a95569edb8fa51697521931c8dcd
      size: 3443
    outs:
    - path: data/metrics/acquisition_metrics.json
      hash: md5
      md5: 4fef8704db11c836cb01083ce0c93b7d
      size: 137
    - path: data/raw/calendar_data.csv
      hash: md5
      md5: 835398cc113e910a222ee8e102c14ad9
      size: 83
  acquire_user_feedback:
    cmd: python scripts/acquire_user_feedback.py
    deps:
    - path: scripts/acquire_user_feedback.py
      hash: md5
      md5: 60a14e29bd666d1cd048dec5d095b0c1
      size: 2266
    outs:
    - path: data/raw/user_feedback.csv
      hash: md5
      md5: 318db4ec6d0fdaee21ab8157a1ea0493
      size: 66
  preprocess_data:
    cmd: python scripts/preprocess_data.py
    deps:
    - path: data/raw/calendar_data.csv
      hash: md5
      md5: 835398cc113e910a222ee8e102c14ad9
      size: 83
    - path: scripts/preprocess_data.py
      hash: md5
      md5: eaa89956dde9d966bc16dbdf45891375
      size: 3078
    outs:
    - path: data/metrics/preprocessing_metrics.json
      hash: md5
      md5: 9b986e7916c9d14754b9c0c7674427e8
      size: 119
    - path: data/processed/calendar_processed.csv
      hash: md5
      md5: eaf460a277c44a15de786a1f88f82ea7
      size: 139
  validate_data:
    cmd: python scripts/validate_data.py
    deps:
    - path: data/processed/calendar_processed.csv
      hash: md5
      md5: eaf460a277c44a15de786a1f88f82ea7
      size: 139
    - path: scripts/validate_data.py
      hash: md5
      md5: e4d9d4681d6247784b45f3600ecd15b3
      size: 2824
    outs:
    - path: data/reports/validation_report.json
      hash: md5
      md5: 0c1b5ea35040aa9198cb4388509a4fae
      size: 595
  detect_anomalies:
    cmd: python scripts/detect_anomalies.py
    deps:
    - path: data/processed/calendar_processed.csv
      hash: md5
      md5: eaf460a277c44a15de786a1f88f82ea7
      size: 139
    - path: scripts/detect_anomalies.py
      hash: md5
      md5: c68309e7dc25ef1d0671c54fe9bc3226
      size: 2511
    outs:
    - path: data/reports/anomaly_report.json
      hash: md5
      md5: a8aed3629b0574e3bb44e5a4b226cbad
      size: 447
  detect_bias:
    cmd: python scripts/detect_bias.py
    deps:
    - path: data/processed/calendar_processed.csv
      hash: md5
      md5: eaf460a277c44a15de786a1f88f82ea7
      size: 139
    - path: scripts/detect_bias.py
      hash: md5
      md5: 4b2d89460df0409b5b9efd7928ed83a0
      size: 5280
      isexec: true
    outs:
    - path: data/reports/bias_report.json
      hash: md5
      md5: 3b1839d9e4e57c79deaf29dd541bd7d6
      size: 392
  materialize_analytics:
    cmd: python scripts/materialize_analytics.py
    deps:
    - path: analytics/jobs.py
      hash: md5
      md5: ca856e356590270023444a092f8a2693
      size: 13377
    - path: analytics/orchestrator.py
      hash: md5
      md5: 921899830e8f98b5648f055ec78fcd2d
      size: 2343
    - path: analytics/repositories.py
      hash: md5
      md5: 0172efd9d382faed1680ba1737f36e02
      size: 6283
    - path: scripts/materialize_analytics.py
      hash: md5
      md5: 499bd6161d6814d72f31f4eceb048e02
      size: 1894
    outs:
    - path: data/metrics/materialization_metrics.json
      hash: md5
      md5: 1cb55c4089462557a1e6a1ab0ccb9638
      size: 261
    - path: data/reports/analytics_status.json
      hash: md5
      md5: a0e35b7a6e5e0ef40b4ed825d9eebcab
      size: 645
  generate_statistics:
    cmd: python scripts/generate_statistics.py
    deps:
    - path: data/processed/calendar_processed.csv
      hash: md5
      md5: eaf460a277c44a15de786a1f88f82ea7
      size: 139
    - path: scripts/generate_statistics.py
      hash: md5
      md5: 1508cbb0313d45d6e81ebbcc8760111c
      size: 2813
    outs:
    - path: data/statistics/calendar_stats.json
      hash: md5
      md5: 9c4545ec18dd17eb58290afb15b3044f
      size: 1686
    - path: data/statistics/summary.json
      hash: md5
      md5: 2f9633754a0e65024d3cc1e4aa23ec38
      size: 150
